
Microsoft Visual Studio Solution File, Format Version 12.00
# Visual Studio Version 17
VisualStudioVersion = 17.0.31919.166
MinimumVisualStudioVersion = 10.0.40219.1
Project("{FAE04EC0-301F-11D3-BF4B-00C04F79EFBC}") = "NetCoreAPIMongoDbExample", "NetCoreAPIMongoDbExample\NetCoreAPIMongoDbExample.csproj", "{A18689BE-3FAB-4425-B2B8-FD7546DACDA9}"
EndProject
Global
	GlobalSection(SolutionConfigurationPlatforms) = preSolution
		Debug|Any CPU = Debug|Any CPU
		Release|Any CPU = Release|Any CPU
	EndGlobalSection
	GlobalSection(ProjectConfigurationPlatforms) = postSolution
		{A18689BE-3FAB-4425-B2B8-FD7546DACDA9}.Debug|Any CPU.ActiveCfg = Debug|Any CPU
		{A18689BE-3FAB-4425-B2B8-FD7546DACDA9}.Debug|Any CPU.Build.0 = Debug|Any CPU
		{A18689BE-3FAB-4425-B2B8-FD7546DACDA9}.Release|Any CPU.ActiveCfg = Release|Any CPU
		{A18689BE-3FAB-4425-B2B8-FD7546DACDA9}.Release|Any CPU.Build.0 = Release|Any CPU
	EndGlobalSection
	GlobalSection(SolutionProperties) = preSolution
		HideSolutionNode = FALSE
	EndGlobalSection
	GlobalSection(ExtensibilityGlobals) = postSolution
		SolutionGuid = {C4724D20-BA21-4F02-A3F3-94E680371A8E}
	EndGlobalSection
EndGlobal
